
Microsoft Visual Studio Solution File, Format Version 12.00
# Visual Studio Version 17
VisualStudioVersion = 17.5.002.0
MinimumVisualStudioVersion = 10.0.40219.1
Project("{9A19103F-16F7-4668-BE54-9A1E7A4F7556}") = "implement_vsc_debugger", "implement_vsc_debugger.csproj", "{EEB89FC3-9A51-4996-B00B-681DA912713E}"
EndProject
Global
	GlobalSection(SolutionConfigurationPlatforms) = preSolution
		Debug|Any CPU = Debug|Any CPU
		Release|Any CPU = Release|Any CPU
	EndGlobalSection
	GlobalSection(ProjectConfigurationPlatforms) = postSolution
		{EEB89FC3-9A51-4996-B00B-681DA912713E}.Debug|Any CPU.ActiveCfg = Debug|Any CPU
		{EEB89FC3-9A51-4996-B00B-681DA912713E}.Debug|Any CPU.Build.0 = Debug|Any CPU
		{EEB89FC3-9A51-4996-B00B-681DA912713E}.Release|Any CPU.ActiveCfg = Release|Any CPU
		{EEB89FC3-9A51-4996-B00B-681DA912713E}.Release|Any CPU.Build.0 = Release|Any CPU
	EndGlobalSection
	GlobalSection(SolutionProperties) = preSolution
		HideSolutionNode = FALSE
	EndGlobalSection
	GlobalSection(ExtensibilityGlobals) = postSolution
		SolutionGuid = {F106D108-439F-4893-AED9-4BC29DFC1A91}
	EndGlobalSection
EndGlobal
