
Microsoft Visual Studio Solution File, Format Version 12.00
# Visual Studio Version 17
VisualStudioVersion = 17.5.002.0
MinimumVisualStudioVersion = 10.0.40219.1
Project("{9A19103F-16F7-4668-BE54-9A1E7A4F7556}") = "guided_project", "guided_project.csproj", "{907D3CA6-E091-4692-A3CA-378DB88197E8}"
EndProject
Global
	GlobalSection(SolutionConfigurationPlatforms) = preSolution
		Debug|Any CPU = Debug|Any CPU
		Release|Any CPU = Release|Any CPU
	EndGlobalSection
	GlobalSection(ProjectConfigurationPlatforms) = postSolution
		{907D3CA6-E091-4692-A3CA-378DB88197E8}.Debug|Any CPU.ActiveCfg = Debug|Any CPU
		{907D3CA6-E091-4692-A3CA-378DB88197E8}.Debug|Any CPU.Build.0 = Debug|Any CPU
		{907D3CA6-E091-4692-A3CA-378DB88197E8}.Release|Any CPU.ActiveCfg = Release|Any CPU
		{907D3CA6-E091-4692-A3CA-378DB88197E8}.Release|Any CPU.Build.0 = Release|Any CPU
	EndGlobalSection
	GlobalSection(SolutionProperties) = preSolution
		HideSolutionNode = FALSE
	EndGlobalSection
	GlobalSection(ExtensibilityGlobals) = postSolution
		SolutionGuid = {ACD310CA-A821-4148-8D60-D25097F90124}
	EndGlobalSection
EndGlobal
